
Microsoft Visual Studio Solution File, Format Version 12.00
# Visual Studio 15
VisualStudioVersion = 15.0.28307.421
MinimumVisualStudioVersion = 10.0.40219.1
Project("{FAE04EC0-301F-11D3-BF4B-00C04F79EFBC}") = "AzureWorkshop", "AzureWorkshop\AzureWorkshop.csproj", "{D189441B-BEDD-40F8-AA51-EA5376479BB1}"
EndProject
Global
	GlobalSection(SolutionConfigurationPlatforms) = preSolution
		Debug|Any CPU = Debug|Any CPU
		Release|Any CPU = Release|Any CPU
	EndGlobalSection
	GlobalSection(ProjectConfigurationPlatforms) = postSolution
		{D189441B-BEDD-40F8-AA51-EA5376479BB1}.Debug|Any CPU.ActiveCfg = Debug|Any CPU
		{D189441B-BEDD-40F8-AA51-EA5376479BB1}.Debug|Any CPU.Build.0 = Debug|Any CPU
		{D189441B-BEDD-40F8-AA51-EA5376479BB1}.Release|Any CPU.ActiveCfg = Release|Any CPU
		{D189441B-BEDD-40F8-AA51-EA5376479BB1}.Release|Any CPU.Build.0 = Release|Any CPU
	EndGlobalSection
	GlobalSection(SolutionProperties) = preSolution
		HideSolutionNode = FALSE
	EndGlobalSection
	GlobalSection(ExtensibilityGlobals) = postSolution
		SolutionGuid = {EC5CBB11-EA4F-4D1C-8614-FBA2BB38B89B}
	EndGlobalSection
EndGlobal
